
Microsoft Visual Studio Solution File, Format Version 12.00
# Visual Studio 14
VisualStudioVersion = 14.0.25123.0
MinimumVisualStudioVersion = 10.0.40219.1
Project("{FAE04EC0-301F-11D3-BF4B-00C04F79EFBC}") = "Mere", "Mere\Mere.csproj", "{F30E5398-DEEB-4131-A2CD-0A2617E8FCA3}"
EndProject
Project("{FAE04EC0-301F-11D3-BF4B-00C04F79EFBC}") = "Mere.Files", "Mere.Files\Mere.Files.csproj", "{73938C8E-A6E1-475C-AC24-297CB003EF51}"
EndProject
Project("{FAE04EC0-301F-11D3-BF4B-00C04F79EFBC}") = "Mere.Excel", "Mere.Excel\Mere.Excel.csproj", "{B23E60E1-3751-4B9C-8068-A350FC74950F}"
EndProject
Project("{FAE04EC0-301F-11D3-BF4B-00C04F79EFBC}") = "Mere.Core", "Mere.Core\Mere.Core.csproj", "{894E56C5-9C15-4516-B3DF-B11E42920106}"
EndProject
Project("{FAE04EC0-301F-11D3-BF4B-00C04F79EFBC}") = "Mere.Sql", "Mere.Sql\Mere.Sql.csproj", "{3317AD6C-FB5E-4297-9D8F-AC5319389F57}"
EndProject
Global
	GlobalSection(SolutionConfigurationPlatforms) = preSolution
		Debug|Any CPU = Debug|Any CPU
		Release|Any CPU = Release|Any CPU
	EndGlobalSection
	GlobalSection(ProjectConfigurationPlatforms) = postSolution
		{F30E5398-DEEB-4131-A2CD-0A2617E8FCA3}.Debug|Any CPU.ActiveCfg = Debug|Any CPU
		{F30E5398-DEEB-4131-A2CD-0A2617E8FCA3}.Debug|Any CPU.Build.0 = Debug|Any CPU
		{F30E5398-DEEB-4131-A2CD-0A2617E8FCA3}.Release|Any CPU.ActiveCfg = Release|Any CPU
		{F30E5398-DEEB-4131-A2CD-0A2617E8FCA3}.Release|Any CPU.Build.0 = Release|Any CPU
		{73938C8E-A6E1-475C-AC24-297CB003EF51}.Debug|Any CPU.ActiveCfg = Debug|Any CPU
		{73938C8E-A6E1-475C-AC24-297CB003EF51}.Debug|Any CPU.Build.0 = Debug|Any CPU
		{73938C8E-A6E1-475C-AC24-297CB003EF51}.Release|Any CPU.ActiveCfg = Release|Any CPU
		{73938C8E-A6E1-475C-AC24-297CB003EF51}.Release|Any CPU.Build.0 = Release|Any CPU
		{B23E60E1-3751-4B9C-8068-A350FC74950F}.Debug|Any CPU.ActiveCfg = Debug|Any CPU
		{B23E60E1-3751-4B9C-8068-A350FC74950F}.Debug|Any CPU.Build.0 = Debug|Any CPU
		{B23E60E1-3751-4B9C-8068-A350FC74950F}.Release|Any CPU.ActiveCfg = Release|Any CPU
		{B23E60E1-3751-4B9C-8068-A350FC74950F}.Release|Any CPU.Build.0 = Release|Any CPU
		{894E56C5-9C15-4516-B3DF-B11E42920106}.Debug|Any CPU.ActiveCfg = Debug|Any CPU
		{894E56C5-9C15-4516-B3DF-B11E42920106}.Debug|Any CPU.Build.0 = Debug|Any CPU
		{894E56C5-9C15-4516-B3DF-B11E42920106}.Release|Any CPU.ActiveCfg = Release|Any CPU
		{894E56C5-9C15-4516-B3DF-B11E42920106}.Release|Any CPU.Build.0 = Release|Any CPU
		{3317AD6C-FB5E-4297-9D8F-AC5319389F57}.Debug|Any CPU.ActiveCfg = Debug|Any CPU
		{3317AD6C-FB5E-4297-9D8F-AC5319389F57}.Debug|Any CPU.Build.0 = Debug|Any CPU
		{3317AD6C-FB5E-4297-9D8F-AC5319389F57}.Release|Any CPU.ActiveCfg = Release|Any CPU
		{3317AD6C-FB5E-4297-9D8F-AC5319389F57}.Release|Any CPU.Build.0 = Release|Any CPU
	EndGlobalSection
	GlobalSection(SolutionProperties) = preSolution
		HideSolutionNode = FALSE
	EndGlobalSection
EndGlobal
